
Microsoft Visual Studio Solution File, Format Version 12.00
# Visual Studio Version 16
VisualStudioVersion = 16.0.31424.327
MinimumVisualStudioVersion = 10.0.40219.1
Project("{FAE04EC0-301F-11D3-BF4B-00C04F79EFBC}") = "WebApplication", "TestinWebApplication\WebApplication.csproj", "{777C6177-E1F2-4F6C-88A3-F54A1CF8BE11}"
EndProject
Project("{9A19103F-16F7-4668-BE54-9A1E7A4F7556}") = "Infrastructure", "Infrastructure\Infrastructure.csproj", "{D236B0D4-F28A-491A-90EE-3ECF60AAA4FB}"
EndProject
Project("{9A19103F-16F7-4668-BE54-9A1E7A4F7556}") = "ApplicationCore", "ApplicationCore\ApplicationCore.csproj", "{002D6457-0454-4C54-BB81-1B3398C4F31E}"
EndProject
Global
	GlobalSection(SolutionConfigurationPlatforms) = preSolution
		Debug|Any CPU = Debug|Any CPU
		Release|Any CPU = Release|Any CPU
	EndGlobalSection
	GlobalSection(ProjectConfigurationPlatforms) = postSolution
		{777C6177-E1F2-4F6C-88A3-F54A1CF8BE11}.Debug|Any CPU.ActiveCfg = Debug|Any CPU
		{777C6177-E1F2-4F6C-88A3-F54A1CF8BE11}.Debug|Any CPU.Build.0 = Debug|Any CPU
		{777C6177-E1F2-4F6C-88A3-F54A1CF8BE11}.Release|Any CPU.ActiveCfg = Release|Any CPU
		{777C6177-E1F2-4F6C-88A3-F54A1CF8BE11}.Release|Any CPU.Build.0 = Release|Any CPU
		{D236B0D4-F28A-491A-90EE-3ECF60AAA4FB}.Debug|Any CPU.ActiveCfg = Debug|Any CPU
		{D236B0D4-F28A-491A-90EE-3ECF60AAA4FB}.Debug|Any CPU.Build.0 = Debug|Any CPU
		{D236B0D4-F28A-491A-90EE-3ECF60AAA4FB}.Release|Any CPU.ActiveCfg = Release|Any CPU
		{D236B0D4-F28A-491A-90EE-3ECF60AAA4FB}.Release|Any CPU.Build.0 = Release|Any CPU
		{002D6457-0454-4C54-BB81-1B3398C4F31E}.Debug|Any CPU.ActiveCfg = Debug|Any CPU
		{002D6457-0454-4C54-BB81-1B3398C4F31E}.Debug|Any CPU.Build.0 = Debug|Any CPU
		{002D6457-0454-4C54-BB81-1B3398C4F31E}.Release|Any CPU.ActiveCfg = Release|Any CPU
		{002D6457-0454-4C54-BB81-1B3398C4F31E}.Release|Any CPU.Build.0 = Release|Any CPU
	EndGlobalSection
	GlobalSection(SolutionProperties) = preSolution
		HideSolutionNode = FALSE
	EndGlobalSection
	GlobalSection(ExtensibilityGlobals) = postSolution
		SolutionGuid = {3A7B0665-5AE2-47D9-812A-3AEDC70094B0}
	EndGlobalSection
EndGlobal
